
Microsoft Visual Studio Solution File, Format Version 12.00
# Visual Studio Version 16
VisualStudioVersion = 16.0.29209.152
MinimumVisualStudioVersion = 10.0.40219.1
Project("{9A19103F-16F7-4668-BE54-9A1E7A4F7556}") = "Blazor Server-Side", "Blazor Server-Side\Blazor Server-Side.csproj", "{E840B305-CDDE-404A-892E-C427E84DEF73}"
EndProject
Project("{9A19103F-16F7-4668-BE54-9A1E7A4F7556}") = "OutOfBox.BlazorServerApp", "OutOfBox.BlazorServerApp\OutOfBox.BlazorServerApp.csproj", "{72D64E8F-3100-448B-BE0D-D3F8A1803689}"
EndProject
Project("{2150E333-8FDC-42A3-9474-1A3956D46DE8}") = "OutOfBox", "OutOfBox", "{77CA7D45-95A2-4FC7-8284-D808424F053D}"
EndProject
Project("{9A19103F-16F7-4668-BE54-9A1E7A4F7556}") = "OutOfBox.BlazorWebAssemblyApp", "OutOfBox.BlazorWebAssemblyApp\OutOfBox.BlazorWebAssemblyApp.csproj", "{09134329-74C0-4F30-9861-EA4527A44502}"
EndProject
Project("{9A19103F-16F7-4668-BE54-9A1E7A4F7556}") = "OutOfBox.BlazorWebAssemblyASPNETCoreHostedApp.Server", "OutOfBox.BlazorWebAssemblyASPNETCoreHostedApp\Server\OutOfBox.BlazorWebAssemblyASPNETCoreHostedApp.Server.csproj", "{2613ABEE-E0BE-4E8C-9254-B1A31C4C2A35}"
EndProject
Project("{9A19103F-16F7-4668-BE54-9A1E7A4F7556}") = "OutOfBox.BlazorWebAssemblyASPNETCoreHostedApp.Client", "OutOfBox.BlazorWebAssemblyASPNETCoreHostedApp\Client\OutOfBox.BlazorWebAssemblyASPNETCoreHostedApp.Client.csproj", "{277E29EB-A51B-49AE-8356-B167776B7B5F}"
EndProject
Project("{9A19103F-16F7-4668-BE54-9A1E7A4F7556}") = "OutOfBox.BlazorWebAssemblyASPNETCoreHostedApp.Shared", "OutOfBox.BlazorWebAssemblyASPNETCoreHostedApp\Shared\OutOfBox.BlazorWebAssemblyASPNETCoreHostedApp.Shared.csproj", "{0B610991-E4AE-46AA-8B3C-2523F39833A3}"
EndProject
Project("{9A19103F-16F7-4668-BE54-9A1E7A4F7556}") = "OutOfBox.RazorClassLibrary", "OutOfBox.RazorClassLibrary\OutOfBox.RazorClassLibrary.csproj", "{2CF8BCCC-0A51-4480-91E6-ABD3BF78FA29}"
EndProject
Project("{2150E333-8FDC-42A3-9474-1A3956D46DE8}") = "Libraries", "Libraries", "{5824B000-6471-453F-8625-A36636CEDF6E}"
EndProject
Project("{9A19103F-16F7-4668-BE54-9A1E7A4F7556}") = "BlazoredMaterialDesignModal", "BlazoredMaterialDesignModal\BlazoredMaterialDesignModal.csproj", "{90BDDA9E-8D83-4F26-90C5-50EF264511A5}"
EndProject
Project("{9A19103F-16F7-4668-BE54-9A1E7A4F7556}") = "PinMapLibrary", "PinMapLibrary\PinMapLibrary.csproj", "{C4F8544B-7456-49EC-ABC5-E8404F48CE39}"
EndProject
Project("{9A19103F-16F7-4668-BE54-9A1E7A4F7556}") = "BlazorPager", "BlazorPager\BlazorPager.csproj", "{7C3A00FD-3FC0-45EA-A9DD-9489FC192569}"
EndProject
Global
	GlobalSection(SolutionConfigurationPlatforms) = preSolution
		Debug|Any CPU = Debug|Any CPU
		Release|Any CPU = Release|Any CPU
	EndGlobalSection
	GlobalSection(ProjectConfigurationPlatforms) = postSolution
		{E840B305-CDDE-404A-892E-C427E84DEF73}.Debug|Any CPU.ActiveCfg = Debug|Any CPU
		{E840B305-CDDE-404A-892E-C427E84DEF73}.Debug|Any CPU.Build.0 = Debug|Any CPU
		{E840B305-CDDE-404A-892E-C427E84DEF73}.Release|Any CPU.ActiveCfg = Release|Any CPU
		{E840B305-CDDE-404A-892E-C427E84DEF73}.Release|Any CPU.Build.0 = Release|Any CPU
		{72D64E8F-3100-448B-BE0D-D3F8A1803689}.Debug|Any CPU.ActiveCfg = Debug|Any CPU
		{72D64E8F-3100-448B-BE0D-D3F8A1803689}.Debug|Any CPU.Build.0 = Debug|Any CPU
		{72D64E8F-3100-448B-BE0D-D3F8A1803689}.Release|Any CPU.ActiveCfg = Release|Any CPU
		{72D64E8F-3100-448B-BE0D-D3F8A1803689}.Release|Any CPU.Build.0 = Release|Any CPU
		{09134329-74C0-4F30-9861-EA4527A44502}.Debug|Any CPU.ActiveCfg = Debug|Any CPU
		{09134329-74C0-4F30-9861-EA4527A44502}.Debug|Any CPU.Build.0 = Debug|Any CPU
		{09134329-74C0-4F30-9861-EA4527A44502}.Release|Any CPU.ActiveCfg = Release|Any CPU
		{09134329-74C0-4F30-9861-EA4527A44502}.Release|Any CPU.Build.0 = Release|Any CPU
		{2613ABEE-E0BE-4E8C-9254-B1A31C4C2A35}.Debug|Any CPU.ActiveCfg = Debug|Any CPU
		{2613ABEE-E0BE-4E8C-9254-B1A31C4C2A35}.Debug|Any CPU.Build.0 = Debug|Any CPU
		{2613ABEE-E0BE-4E8C-9254-B1A31C4C2A35}.Release|Any CPU.ActiveCfg = Release|Any CPU
		{2613ABEE-E0BE-4E8C-9254-B1A31C4C2A35}.Release|Any CPU.Build.0 = Release|Any CPU
		{277E29EB-A51B-49AE-8356-B167776B7B5F}.Debug|Any CPU.ActiveCfg = Debug|Any CPU
		{277E29EB-A51B-49AE-8356-B167776B7B5F}.Debug|Any CPU.Build.0 = Debug|Any CPU
		{277E29EB-A51B-49AE-8356-B167776B7B5F}.Release|Any CPU.ActiveCfg = Release|Any CPU
		{277E29EB-A51B-49AE-8356-B167776B7B5F}.Release|Any CPU.Build.0 = Release|Any CPU
		{0B610991-E4AE-46AA-8B3C-2523F39833A3}.Debug|Any CPU.ActiveCfg = Debug|Any CPU
		{0B610991-E4AE-46AA-8B3C-2523F39833A3}.Debug|Any CPU.Build.0 = Debug|Any CPU
		{0B610991-E4AE-46AA-8B3C-2523F39833A3}.Release|Any CPU.ActiveCfg = Release|Any CPU
		{0B610991-E4AE-46AA-8B3C-2523F39833A3}.Release|Any CPU.Build.0 = Release|Any CPU
		{2CF8BCCC-0A51-4480-91E6-ABD3BF78FA29}.Debug|Any CPU.ActiveCfg = Debug|Any CPU
		{2CF8BCCC-0A51-4480-91E6-ABD3BF78FA29}.Debug|Any CPU.Build.0 = Debug|Any CPU
		{2CF8BCCC-0A51-4480-91E6-ABD3BF78FA29}.Release|Any CPU.ActiveCfg = Release|Any CPU
		{2CF8BCCC-0A51-4480-91E6-ABD3BF78FA29}.Release|Any CPU.Build.0 = Release|Any CPU
		{90BDDA9E-8D83-4F26-90C5-50EF264511A5}.Debug|Any CPU.ActiveCfg = Debug|Any CPU
		{90BDDA9E-8D83-4F26-90C5-50EF264511A5}.Debug|Any CPU.Build.0 = Debug|Any CPU
		{90BDDA9E-8D83-4F26-90C5-50EF264511A5}.Release|Any CPU.ActiveCfg = Release|Any CPU
		{90BDDA9E-8D83-4F26-90C5-50EF264511A5}.Release|Any CPU.Build.0 = Release|Any CPU
		{C4F8544B-7456-49EC-ABC5-E8404F48CE39}.Debug|Any CPU.ActiveCfg = Debug|Any CPU
		{C4F8544B-7456-49EC-ABC5-E8404F48CE39}.Debug|Any CPU.Build.0 = Debug|Any CPU
		{C4F8544B-7456-49EC-ABC5-E8404F48CE39}.Release|Any CPU.ActiveCfg = Release|Any CPU
		{C4F8544B-7456-49EC-ABC5-E8404F48CE39}.Release|Any CPU.Build.0 = Release|Any CPU
		{7C3A00FD-3FC0-45EA-A9DD-9489FC192569}.Debug|Any CPU.ActiveCfg = Debug|Any CPU
		{7C3A00FD-3FC0-45EA-A9DD-9489FC192569}.Debug|Any CPU.Build.0 = Debug|Any CPU
		{7C3A00FD-3FC0-45EA-A9DD-9489FC192569}.Release|Any CPU.ActiveCfg = Release|Any CPU
		{7C3A00FD-3FC0-45EA-A9DD-9489FC192569}.Release|Any CPU.Build.0 = Release|Any CPU
	EndGlobalSection
	GlobalSection(SolutionProperties) = preSolution
		HideSolutionNode = FALSE
	EndGlobalSection
	GlobalSection(NestedProjects) = preSolution
		{72D64E8F-3100-448B-BE0D-D3F8A1803689} = {77CA7D45-95A2-4FC7-8284-D808424F053D}
		{09134329-74C0-4F30-9861-EA4527A44502} = {77CA7D45-95A2-4FC7-8284-D808424F053D}
		{2613ABEE-E0BE-4E8C-9254-B1A31C4C2A35} = {77CA7D45-95A2-4FC7-8284-D808424F053D}
		{277E29EB-A51B-49AE-8356-B167776B7B5F} = {77CA7D45-95A2-4FC7-8284-D808424F053D}
		{0B610991-E4AE-46AA-8B3C-2523F39833A3} = {77CA7D45-95A2-4FC7-8284-D808424F053D}
		{2CF8BCCC-0A51-4480-91E6-ABD3BF78FA29} = {77CA7D45-95A2-4FC7-8284-D808424F053D}
		{90BDDA9E-8D83-4F26-90C5-50EF264511A5} = {5824B000-6471-453F-8625-A36636CEDF6E}
		{C4F8544B-7456-49EC-ABC5-E8404F48CE39} = {5824B000-6471-453F-8625-A36636CEDF6E}
		{7C3A00FD-3FC0-45EA-A9DD-9489FC192569} = {5824B000-6471-453F-8625-A36636CEDF6E}
	EndGlobalSection
	GlobalSection(ExtensibilityGlobals) = postSolution
		SolutionGuid = {1C52C817-6671-4AA0-8A68-9CA39AA5926F}
	EndGlobalSection
EndGlobal
